
Microsoft Visual Studio Solution File, Format Version 12.00
# Visual Studio Version 16
VisualStudioVersion = 16.0.28803.352
MinimumVisualStudioVersion = 10.0.40219.1
Project("{FAE04EC0-301F-11D3-BF4B-00C04F79EFBC}") = "elevadorSmart", "elevadorSmart\elevadorSmart.csproj", "{1C08E5E9-0EAF-45CF-AA54-DF74E58DF8D6}"
EndProject
Global
	GlobalSection(SolutionConfigurationPlatforms) = preSolution
		Debug|Any CPU = Debug|Any CPU
		Release|Any CPU = Release|Any CPU
	EndGlobalSection
	GlobalSection(ProjectConfigurationPlatforms) = postSolution
		{1C08E5E9-0EAF-45CF-AA54-DF74E58DF8D6}.Debug|Any CPU.ActiveCfg = Debug|Any CPU
		{1C08E5E9-0EAF-45CF-AA54-DF74E58DF8D6}.Debug|Any CPU.Build.0 = Debug|Any CPU
		{1C08E5E9-0EAF-45CF-AA54-DF74E58DF8D6}.Release|Any CPU.ActiveCfg = Release|Any CPU
		{1C08E5E9-0EAF-45CF-AA54-DF74E58DF8D6}.Release|Any CPU.Build.0 = Release|Any CPU
	EndGlobalSection
	GlobalSection(SolutionProperties) = preSolution
		HideSolutionNode = FALSE
	EndGlobalSection
	GlobalSection(ExtensibilityGlobals) = postSolution
		SolutionGuid = {BDA8A8A9-F96F-4E88-9783-44F084121DAF}
	EndGlobalSection
EndGlobal
